
Microsoft Visual Studio Solution File, Format Version 12.00
# Visual Studio Version 17
VisualStudioVersion = 17.5.002.0
MinimumVisualStudioVersion = 10.0.40219.1
Project("{9A19103F-16F7-4668-BE54-9A1E7A4F7556}") = "ArraySearchV4", "ArraySearchV4.csproj", "{8F84DB36-171B-44C9-BC1B-22E6B67490E7}"
EndProject
Global
	GlobalSection(SolutionConfigurationPlatforms) = preSolution
		Debug|Any CPU = Debug|Any CPU
		Release|Any CPU = Release|Any CPU
	EndGlobalSection
	GlobalSection(ProjectConfigurationPlatforms) = postSolution
		{8F84DB36-171B-44C9-BC1B-22E6B67490E7}.Debug|Any CPU.ActiveCfg = Debug|Any CPU
		{8F84DB36-171B-44C9-BC1B-22E6B67490E7}.Debug|Any CPU.Build.0 = Debug|Any CPU
		{8F84DB36-171B-44C9-BC1B-22E6B67490E7}.Release|Any CPU.ActiveCfg = Release|Any CPU
		{8F84DB36-171B-44C9-BC1B-22E6B67490E7}.Release|Any CPU.Build.0 = Release|Any CPU
	EndGlobalSection
	GlobalSection(SolutionProperties) = preSolution
		HideSolutionNode = FALSE
	EndGlobalSection
	GlobalSection(ExtensibilityGlobals) = postSolution
		SolutionGuid = {E4F0C101-1934-4BFB-938A-AB5A44AF6DAE}
	EndGlobalSection
EndGlobal
